<?xml version="1.0" encoding="utf-8"?>
<Project ToolsVersion="4.0" xmlns="http://schemas.microsoft.com/developer/msbuild/2003">
  <ItemGroup>
    <Filter Include="Default">
      <UniqueIdentifier>{515a73d4-97f2-4368-8cf6-e86a9c0dda4f}</UniqueIdentifier>
    </Filter>
    <Filter Include="Engine">
      <UniqueIdentifier>{45a9abdc-12cb-42d8-bd9e-f67bcd2c2635}</UniqueIdentifier>
    </Filter>
    <Filter Include="Engine\01. Header">
      <UniqueIdentifier>{af3b60ca-383b-483a-bbaa-00280a055572}</UniqueIdentifier>
    </Filter>
    <Filter Include="Engine\02. Core">
      <UniqueIdentifier>{8c9ec5fd-b238-4d24-b9c0-706b11c724ac}</UniqueIdentifier>
    </Filter>
    <Filter Include="Engine\03. Manager">
      <UniqueIdentifier>{ce4d4acd-5473-4098-8a42-d8e05ecb6097}</UniqueIdentifier>
    </Filter>
    <Filter Include="Engine\04. GameObject">
      <UniqueIdentifier>{b65b9c7b-2951-4633-83e7-1a2ca27c2033}</UniqueIdentifier>
    </Filter>
    <Filter Include="Engine\05. Component">
      <UniqueIdentifier>{8bfa7fc6-ffe6-495e-9c19-b409cc3cf7a7}</UniqueIdentifier>
    </Filter>
    <Filter Include="Engine\06. Scene">
      <UniqueIdentifier>{1b610890-5b74-4fe6-85a2-6504d332cf3b}</UniqueIdentifier>
    </Filter>
    <Filter Include="Engine\07. Resource">
      <UniqueIdentifier>{d106d6f2-113c-4d8e-9788-ea8428df3c52}</UniqueIdentifier>
    </Filter>
    <Filter Include="Engine\Module">
      <UniqueIdentifier>{a57e59a5-0305-4063-8918-b8901f8fd02d}</UniqueIdentifier>
    </Filter>
    <Filter Include="Temp">
      <UniqueIdentifier>{f2a7b976-8204-4620-b95d-b66e4b529492}</UniqueIdentifier>
    </Filter>
    <Filter Include="Engine\ShaderCode">
      <UniqueIdentifier>{910ea42a-91a2-4788-9c6d-a3499a905e22}</UniqueIdentifier>
    </Filter>
    <Filter Include="Engine\07. Resource\02. MeshData">
      <UniqueIdentifier>{8f7f024e-fe74-4367-a6e8-cb7f61ce4d1f}</UniqueIdentifier>
    </Filter>
    <Filter Include="Engine\07. Resource\01. Material">
      <UniqueIdentifier>{b5eeb40f-09bc-4fea-a1ed-310c043bc088}</UniqueIdentifier>
    </Filter>
    <Filter Include="Engine\07. Resource\03. Mesh">
      <UniqueIdentifier>{a141a74f-2fba-4c29-8eb2-fb7035a9e05c}</UniqueIdentifier>
    </Filter>
    <Filter Include="Engine\07. Resource\04. Texture">
      <UniqueIdentifier>{b0057eef-5f5d-4c57-84d2-cafae3b28235}</UniqueIdentifier>
    </Filter>
    <Filter Include="Engine\07. Resource\05. Sound">
      <UniqueIdentifier>{818e5790-2fa3-4998-afe8-8ed076faafa1}</UniqueIdentifier>
    </Filter>
    <Filter Include="Engine\07. Resource\06. Shader">
      <UniqueIdentifier>{46e9efce-df22-473b-9ba1-bf60dbbb7c54}</UniqueIdentifier>
    </Filter>
    <Filter Include="Engine\07. Resource\06. Shader\GraphicsShader">
      <UniqueIdentifier>{b30f11fe-5b9b-4978-a2df-9c98e18d98d4}</UniqueIdentifier>
    </Filter>
    <Filter Include="Engine\07. Resource\06. Shader\ComputeShader">
      <UniqueIdentifier>{6a9ba9ab-4736-402b-86b5-d693ba015234}</UniqueIdentifier>
    </Filter>
    <Filter Include="Engine\03. Manager\ConstantBuffer">
      <UniqueIdentifier>{e2219322-6d7a-4e58-a5c9-a580309c05a5}</UniqueIdentifier>
    </Filter>
  </ItemGroup>
  <ItemGroup>
    <ClInclude Include="framework.h">
      <Filter>Default</Filter>
    </ClInclude>
    <ClInclude Include="pch.h">
      <Filter>Default</Filter>
    </ClInclude>
    <ClInclude Include="global.h">
      <Filter>Engine\01. Header</Filter>
    </ClInclude>
    <ClInclude Include="define.h">
      <Filter>Engine\01. Header</Filter>
    </ClInclude>
    <ClInclude Include="CCore.h">
      <Filter>Engine\02. Core</Filter>
    </ClInclude>
    <ClInclude Include="CTimeMgr.h">
      <Filter>Engine\03. Manager</Filter>
    </ClInclude>
    <ClInclude Include="CPathMgr.h">
      <Filter>Engine\03. Manager</Filter>
    </ClInclude>
    <ClInclude Include="CKeyMgr.h">
      <Filter>Engine\03. Manager</Filter>
    </ClInclude>
    <ClInclude Include="SimpleMath.h">
      <Filter>Engine\Module</Filter>
    </ClInclude>
    <ClInclude Include="Temp.h">
      <Filter>Temp</Filter>
    </ClInclude>
    <ClInclude Include="CDevice.h">
      <Filter>Engine\03. Manager</Filter>
    </ClInclude>
    <ClInclude Include="struct.h">
      <Filter>Engine\01. Header</Filter>
    </ClInclude>
    <ClInclude Include="CEntity.h">
      <Filter>Engine</Filter>
    </ClInclude>
    <ClInclude Include="CRes.h">
      <Filter>Engine\07. Resource</Filter>
    </ClInclude>
    <ClInclude Include="CMesh.h">
      <Filter>Engine\07. Resource\03. Mesh</Filter>
    </ClInclude>
    <ClInclude Include="CShader.h">
      <Filter>Engine\07. Resource\06. Shader</Filter>
    </ClInclude>
    <ClInclude Include="CGraphicsShader.h">
      <Filter>Engine\07. Resource\06. Shader\GraphicsShader</Filter>
    </ClInclude>
    <ClInclude Include="CConstBuffer.h">
      <Filter>Engine\03. Manager\ConstantBuffer</Filter>
    </ClInclude>
  </ItemGroup>
  <ItemGroup>
    <ClCompile Include="Engine.cpp">
      <Filter>Default</Filter>
    </ClCompile>
    <ClCompile Include="pch.cpp">
      <Filter>Default</Filter>
    </ClCompile>
    <ClCompile Include="CCore.cpp">
      <Filter>Engine\02. Core</Filter>
    </ClCompile>
    <ClCompile Include="CTimeMgr.cpp">
      <Filter>Engine\03. Manager</Filter>
    </ClCompile>
    <ClCompile Include="CPathMgr.cpp">
      <Filter>Engine\03. Manager</Filter>
    </ClCompile>
    <ClCompile Include="CKeyMgr.cpp">
      <Filter>Engine\03. Manager</Filter>
    </ClCompile>
    <ClCompile Include="Temp.cpp">
      <Filter>Temp</Filter>
    </ClCompile>
    <ClCompile Include="CDevice.cpp">
      <Filter>Engine\03. Manager</Filter>
    </ClCompile>
    <ClCompile Include="CEntity.cpp">
      <Filter>Engine</Filter>
    </ClCompile>
    <ClCompile Include="CRes.cpp">
      <Filter>Engine\07. Resource</Filter>
    </ClCompile>
    <ClCompile Include="CMesh.cpp">
      <Filter>Engine\07. Resource\03. Mesh</Filter>
    </ClCompile>
    <ClCompile Include="CShader.cpp">
      <Filter>Engine\07. Resource\06. Shader</Filter>
    </ClCompile>
    <ClCompile Include="CGraphicsShader.cpp">
      <Filter>Engine\07. Resource\06. Shader\GraphicsShader</Filter>
    </ClCompile>
    <ClCompile Include="CConstBuffer.cpp">
      <Filter>Engine\03. Manager\ConstantBuffer</Filter>
    </ClCompile>
  </ItemGroup>
  <ItemGroup>
    <None Include="SimpleMath.inl">
      <Filter>Engine\Module</Filter>
    </None>
  </ItemGroup>
  <ItemGroup>
    <FxCompile Include="test.fx">
      <Filter>Engine\ShaderCode</Filter>
    </FxCompile>
  </ItemGroup>
</Project>